
Microsoft Visual Studio Solution File, Format Version 12.00
# Visual Studio Version 17
VisualStudioVersion = 17.9.34622.214
MinimumVisualStudioVersion = 10.0.40219.1
Project("{FAE04EC0-301F-11D3-BF4B-00C04F79EFBC}") = "ProyectoVotacion", "ProyectoVotacion\ProyectoVotacion.csproj", "{566C91C0-D5D3-4235-BCB8-F0DCE34C41A6}"
EndProject
Global
	GlobalSection(SolutionConfigurationPlatforms) = preSolution
		Debug|Any CPU = Debug|Any CPU
		Release|Any CPU = Release|Any CPU
	EndGlobalSection
	GlobalSection(ProjectConfigurationPlatforms) = postSolution
		{566C91C0-D5D3-4235-BCB8-F0DCE34C41A6}.Debug|Any CPU.ActiveCfg = Debug|Any CPU
		{566C91C0-D5D3-4235-BCB8-F0DCE34C41A6}.Debug|Any CPU.Build.0 = Debug|Any CPU
		{566C91C0-D5D3-4235-BCB8-F0DCE34C41A6}.Release|Any CPU.ActiveCfg = Release|Any CPU
		{566C91C0-D5D3-4235-BCB8-F0DCE34C41A6}.Release|Any CPU.Build.0 = Release|Any CPU
	EndGlobalSection
	GlobalSection(SolutionProperties) = preSolution
		HideSolutionNode = FALSE
	EndGlobalSection
	GlobalSection(ExtensibilityGlobals) = postSolution
		SolutionGuid = {F3DD1244-66BC-42DD-9F57-F270BAFB180F}
	EndGlobalSection
EndGlobal
